// !$*UTF8*$!
{
	archiveVersion = 1;
	classes = {
	};
	objectVersion = 56;
	objects = {

/* Begin PBXBuildFile section */
		2A39150F2A358FCB00605BF0 /* RegisterCoordinator.swift in Sources */ = {isa = PBXBuildFile; fileRef = 2A39150E2A358FCB00605BF0 /* RegisterCoordinator.swift */; };
		2A3915122A35904600605BF0 /* RegisterViewController.swift in Sources */ = {isa = PBXBuildFile; fileRef = 2A3915112A35904600605BF0 /* RegisterViewController.swift */; };
		2A3915142A35984A00605BF0 /* HomeCoordinator.swift in Sources */ = {isa = PBXBuildFile; fileRef = 2A3915132A35984A00605BF0 /* HomeCoordinator.swift */; };
		2A3915172A359B1300605BF0 /* UserViewModel.swift in Sources */ = {isa = PBXBuildFile; fileRef = 2A3915162A359B1300605BF0 /* UserViewModel.swift */; };
		2A39151C2A35A4FE00605BF0 /* HomeViewController.swift in Sources */ = {isa = PBXBuildFile; fileRef = 2A39151B2A35A4FE00605BF0 /* HomeViewController.swift */; };
		2A39151E2A35A95900605BF0 /* RegisterView.swift in Sources */ = {isa = PBXBuildFile; fileRef = 2A39151D2A35A95900605BF0 /* RegisterView.swift */; };
		2A3915202A35C40700605BF0 /* HomeView.swift in Sources */ = {isa = PBXBuildFile; fileRef = 2A39151F2A35C40700605BF0 /* HomeView.swift */; };
		2A3B6E322A25CC0000AE7A0A /* Constants.swift in Sources */ = {isa = PBXBuildFile; fileRef = 2A3B6E312A25CC0000AE7A0A /* Constants.swift */; };
		2A3B6E392A25CC9F00AE7A0A /* UserModel.swift in Sources */ = {isa = PBXBuildFile; fileRef = 2A3B6E382A25CC9F00AE7A0A /* UserModel.swift */; };
		2A3B6E3B2A25CCC300AE7A0A /* UserProvider.swift in Sources */ = {isa = PBXBuildFile; fileRef = 2A3B6E3A2A25CCC300AE7A0A /* UserProvider.swift */; };
		2A3B6E3D2A25CE4A00AE7A0A /* UserManager.swift in Sources */ = {isa = PBXBuildFile; fileRef = 2A3B6E3C2A25CE4A00AE7A0A /* UserManager.swift */; };
		2A3B6E3F2A25CE5400AE7A0A /* UserBusiness.swift in Sources */ = {isa = PBXBuildFile; fileRef = 2A3B6E3E2A25CE5400AE7A0A /* UserBusiness.swift */; };
		2A5FC8D12A2EE72400C3F96D /* Coordinator.swift in Sources */ = {isa = PBXBuildFile; fileRef = 2A5FC8D02A2EE72400C3F96D /* Coordinator.swift */; };
		2A5FC8D32A2EEAB300C3F96D /* LoginCoordinator.swift in Sources */ = {isa = PBXBuildFile; fileRef = 2A5FC8D22A2EEAB300C3F96D /* LoginCoordinator.swift */; };
		2A5FC8D62A2EEB9900C3F96D /* UIColor+.swift in Sources */ = {isa = PBXBuildFile; fileRef = 2A5FC8D52A2EEB9900C3F96D /* UIColor+.swift */; };
		2A5FC8DA2A2EED8100C3F96D /* LoginViewController.swift in Sources */ = {isa = PBXBuildFile; fileRef = 2A5FC8D92A2EED8100C3F96D /* LoginViewController.swift */; };
		2A5FC8E42A2F040E00C3F96D /* LoginView.swift in Sources */ = {isa = PBXBuildFile; fileRef = 2A5FC8E32A2F040E00C3F96D /* LoginView.swift */; };
		2A855A142A32F33000233403 /* UITextField+.swift in Sources */ = {isa = PBXBuildFile; fileRef = 2A855A132A32F33000233403 /* UITextField+.swift */; };
		2AF675302A25CA8F00A8740D /* AppDelegate.swift in Sources */ = {isa = PBXBuildFile; fileRef = 2AF6752F2A25CA8F00A8740D /* AppDelegate.swift */; };
		2AF675322A25CA8F00A8740D /* SceneDelegate.swift in Sources */ = {isa = PBXBuildFile; fileRef = 2AF675312A25CA8F00A8740D /* SceneDelegate.swift */; };
		2AF675392A25CA9100A8740D /* Assets.xcassets in Resources */ = {isa = PBXBuildFile; fileRef = 2AF675382A25CA9100A8740D /* Assets.xcassets */; };
		2AF6753C2A25CA9100A8740D /* LaunchScreen.storyboard in Resources */ = {isa = PBXBuildFile; fileRef = 2AF6753A2A25CA9100A8740D /* LaunchScreen.storyboard */; };
		2AF675472A25CA9100A8740D /* SwiftArquiteturasTests.swift in Sources */ = {isa = PBXBuildFile; fileRef = 2AF675462A25CA9100A8740D /* SwiftArquiteturasTests.swift */; };
		2AF675612A25CB1600A8740D /* GoogleService-Info.plist in Resources */ = {isa = PBXBuildFile; fileRef = 2AF675602A25CB1600A8740D /* GoogleService-Info.plist */; };
		46E104AD79D6DBA0BA6392E7 /* Pods_SwiftArquiteturas.framework in Frameworks */ = {isa = PBXBuildFile; fileRef = C3F18641E941AD00C48EAC99 /* Pods_SwiftArquiteturas.framework */; };
		C8D0DCDE19EE6C21DFABE904 /* Pods_SwiftArquiteturasTests.framework in Frameworks */ = {isa = PBXBuildFile; fileRef = C8A94EC4E0A0CEE391AD84D6 /* Pods_SwiftArquiteturasTests.framework */; };
/* End PBXBuildFile section */

/* Begin PBXContainerItemProxy section */
		2AF675432A25CA9100A8740D /* PBXContainerItemProxy */ = {
			isa = PBXContainerItemProxy;
			containerPortal = 2AF675242A25CA8F00A8740D /* Project object */;
			proxyType = 1;
			remoteGlobalIDString = 2AF6752B2A25CA8F00A8740D;
			remoteInfo = SwiftArquiteturas;
		};
/* End PBXContainerItemProxy section */

/* Begin PBXFileReference section */
		1329B6F1A68C0986D45EE025 /* Pods-SwiftArquiteturas.release.xcconfig */ = {isa = PBXFileReference; includeInIndex = 1; lastKnownFileType = text.xcconfig; name = "Pods-SwiftArquiteturas.release.xcconfig"; path = "Target Support Files/Pods-SwiftArquiteturas/Pods-SwiftArquiteturas.release.xcconfig"; sourceTree = "<group>"; };
		2A39150E2A358FCB00605BF0 /* RegisterCoordinator.swift */ = {isa = PBXFileReference; lastKnownFileType = sourcecode.swift; path = RegisterCoordinator.swift; sourceTree = "<group>"; };
		2A3915112A35904600605BF0 /* RegisterViewController.swift */ = {isa = PBXFileReference; lastKnownFileType = sourcecode.swift; path = RegisterViewController.swift; sourceTree = "<group>"; };
		2A3915132A35984A00605BF0 /* HomeCoordinator.swift */ = {isa = PBXFileReference; lastKnownFileType = sourcecode.swift; path = HomeCoordinator.swift; sourceTree = "<group>"; };
		2A3915162A359B1300605BF0 /* UserViewModel.swift */ = {isa = PBXFileReference; lastKnownFileType = sourcecode.swift; path = UserViewModel.swift; sourceTree = "<group>"; };
		2A39151B2A35A4FE00605BF0 /* HomeViewController.swift */ = {isa = PBXFileReference; lastKnownFileType = sourcecode.swift; path = HomeViewController.swift; sourceTree = "<group>"; };
		2A39151D2A35A95900605BF0 /* RegisterView.swift */ = {isa = PBXFileReference; lastKnownFileType = sourcecode.swift; path = RegisterView.swift; sourceTree = "<group>"; };
		2A39151F2A35C40700605BF0 /* HomeView.swift */ = {isa = PBXFileReference; lastKnownFileType = sourcecode.swift; path = HomeView.swift; sourceTree = "<group>"; };
		2A3B6E312A25CC0000AE7A0A /* Constants.swift */ = {isa = PBXFileReference; lastKnownFileType = sourcecode.swift; path = Constants.swift; sourceTree = "<group>"; };
		2A3B6E382A25CC9F00AE7A0A /* UserModel.swift */ = {isa = PBXFileReference; lastKnownFileType = sourcecode.swift; path = UserModel.swift; sourceTree = "<group>"; };
		2A3B6E3A2A25CCC300AE7A0A /* UserProvider.swift */ = {isa = PBXFileReference; lastKnownFileType = sourcecode.swift; path = UserProvider.swift; sourceTree = "<group>"; };
		2A3B6E3C2A25CE4A00AE7A0A /* UserManager.swift */ = {isa = PBXFileReference; lastKnownFileType = sourcecode.swift; path = UserManager.swift; sourceTree = "<group>"; };
		2A3B6E3E2A25CE5400AE7A0A /* UserBusiness.swift */ = {isa = PBXFileReference; lastKnownFileType = sourcecode.swift; path = UserBusiness.swift; sourceTree = "<group>"; };
		2A5FC8D02A2EE72400C3F96D /* Coordinator.swift */ = {isa = PBXFileReference; lastKnownFileType = sourcecode.swift; path = Coordinator.swift; sourceTree = "<group>"; };
		2A5FC8D22A2EEAB300C3F96D /* LoginCoordinator.swift */ = {isa = PBXFileReference; lastKnownFileType = sourcecode.swift; path = LoginCoordinator.swift; sourceTree = "<group>"; };
		2A5FC8D52A2EEB9900C3F96D /* UIColor+.swift */ = {isa = PBXFileReference; lastKnownFileType = sourcecode.swift; path = "UIColor+.swift"; sourceTree = "<group>"; };
		2A5FC8D92A2EED8100C3F96D /* LoginViewController.swift */ = {isa = PBXFileReference; lastKnownFileType = sourcecode.swift; path = LoginViewController.swift; sourceTree = "<group>"; };
		2A5FC8E32A2F040E00C3F96D /* LoginView.swift */ = {isa = PBXFileReference; lastKnownFileType = sourcecode.swift; path = LoginView.swift; sourceTree = "<group>"; };
		2A855A132A32F33000233403 /* UITextField+.swift */ = {isa = PBXFileReference; lastKnownFileType = sourcecode.swift; path = "UITextField+.swift"; sourceTree = "<group>"; };
		2AF6752C2A25CA8F00A8740D /* SwiftArquiteturas.app */ = {isa = PBXFileReference; explicitFileType = wrapper.application; includeInIndex = 0; path = SwiftArquiteturas.app; sourceTree = BUILT_PRODUCTS_DIR; };
		2AF6752F2A25CA8F00A8740D /* AppDelegate.swift */ = {isa = PBXFileReference; lastKnownFileType = sourcecode.swift; path = AppDelegate.swift; sourceTree = "<group>"; };
		2AF675312A25CA8F00A8740D /* SceneDelegate.swift */ = {isa = PBXFileReference; lastKnownFileType = sourcecode.swift; path = SceneDelegate.swift; sourceTree = "<group>"; };
		2AF675382A25CA9100A8740D /* Assets.xcassets */ = {isa = PBXFileReference; lastKnownFileType = folder.assetcatalog; path = Assets.xcassets; sourceTree = "<group>"; };
		2AF6753B2A25CA9100A8740D /* Base */ = {isa = PBXFileReference; lastKnownFileType = file.storyboard; name = Base; path = Base.lproj/LaunchScreen.storyboard; sourceTree = "<group>"; };
		2AF6753D2A25CA9100A8740D /* Info.plist */ = {isa = PBXFileReference; lastKnownFileType = text.plist.xml; path = Info.plist; sourceTree = "<group>"; };
		2AF675422A25CA9100A8740D /* SwiftArquiteturasTests.xctest */ = {isa = PBXFileReference; explicitFileType = wrapper.cfbundle; includeInIndex = 0; path = SwiftArquiteturasTests.xctest; sourceTree = BUILT_PRODUCTS_DIR; };
		2AF675462A25CA9100A8740D /* SwiftArquiteturasTests.swift */ = {isa = PBXFileReference; lastKnownFileType = sourcecode.swift; path = SwiftArquiteturasTests.swift; sourceTree = "<group>"; };
		2AF675502A25CA9100A8740D /* SwiftArquiteturasUITests.swift */ = {isa = PBXFileReference; lastKnownFileType = sourcecode.swift; path = SwiftArquiteturasUITests.swift; sourceTree = "<group>"; };
		2AF675522A25CA9100A8740D /* SwiftArquiteturasUITestsLaunchTests.swift */ = {isa = PBXFileReference; lastKnownFileType = sourcecode.swift; path = SwiftArquiteturasUITestsLaunchTests.swift; sourceTree = "<group>"; };
		2AF675602A25CB1600A8740D /* GoogleService-Info.plist */ = {isa = PBXFileReference; fileEncoding = 4; lastKnownFileType = text.plist.xml; path = "GoogleService-Info.plist"; sourceTree = "<group>"; };
		3E7DF515E900BD7ED8D2DA3F /* Pods_SwiftArquiteturas_SwiftArquiteturasUITests.framework */ = {isa = PBXFileReference; explicitFileType = wrapper.framework; includeInIndex = 0; path = Pods_SwiftArquiteturas_SwiftArquiteturasUITests.framework; sourceTree = BUILT_PRODUCTS_DIR; };
		7DC9D858CA122CBC3978EDC2 /* Pods-SwiftArquiteturasTests.debug.xcconfig */ = {isa = PBXFileReference; includeInIndex = 1; lastKnownFileType = text.xcconfig; name = "Pods-SwiftArquiteturasTests.debug.xcconfig"; path = "Target Support Files/Pods-SwiftArquiteturasTests/Pods-SwiftArquiteturasTests.debug.xcconfig"; sourceTree = "<group>"; };
		7F43A86193385EE485CA88F2 /* Pods-SwiftArquiteturas-SwiftArquiteturasUITests.release.xcconfig */ = {isa = PBXFileReference; includeInIndex = 1; lastKnownFileType = text.xcconfig; name = "Pods-SwiftArquiteturas-SwiftArquiteturasUITests.release.xcconfig"; path = "Target Support Files/Pods-SwiftArquiteturas-SwiftArquiteturasUITests/Pods-SwiftArquiteturas-SwiftArquiteturasUITests.release.xcconfig"; sourceTree = "<group>"; };
		B8699DB389FEC0EBAE5C6152 /* Pods-SwiftArquiteturasTests.release.xcconfig */ = {isa = PBXFileReference; includeInIndex = 1; lastKnownFileType = text.xcconfig; name = "Pods-SwiftArquiteturasTests.release.xcconfig"; path = "Target Support Files/Pods-SwiftArquiteturasTests/Pods-SwiftArquiteturasTests.release.xcconfig"; sourceTree = "<group>"; };
		C3F18641E941AD00C48EAC99 /* Pods_SwiftArquiteturas.framework */ = {isa = PBXFileReference; explicitFileType = wrapper.framework; includeInIndex = 0; path = Pods_SwiftArquiteturas.framework; sourceTree = BUILT_PRODUCTS_DIR; };
		C8A94EC4E0A0CEE391AD84D6 /* Pods_SwiftArquiteturasTests.framework */ = {isa = PBXFileReference; explicitFileType = wrapper.framework; includeInIndex = 0; path = Pods_SwiftArquiteturasTests.framework; sourceTree = BUILT_PRODUCTS_DIR; };
		CD757F88C898F9695FAFFD39 /* Pods-SwiftArquiteturas.debug.xcconfig */ = {isa = PBXFileReference; includeInIndex = 1; lastKnownFileType = text.xcconfig; name = "Pods-SwiftArquiteturas.debug.xcconfig"; path = "Target Support Files/Pods-SwiftArquiteturas/Pods-SwiftArquiteturas.debug.xcconfig"; sourceTree = "<group>"; };
		EA6DB9618A1B3B65F8DA6766 /* Pods-SwiftArquiteturas-SwiftArquiteturasUITests.debug.xcconfig */ = {isa = PBXFileReference; includeInIndex = 1; lastKnownFileType = text.xcconfig; name = "Pods-SwiftArquiteturas-SwiftArquiteturasUITests.debug.xcconfig"; path = "Target Support Files/Pods-SwiftArquiteturas-SwiftArquiteturasUITests/Pods-SwiftArquiteturas-SwiftArquiteturasUITests.debug.xcconfig"; sourceTree = "<group>"; };
/* End PBXFileReference section */

/* Begin PBXFrameworksBuildPhase section */
		2AF675292A25CA8F00A8740D /* Frameworks */ = {
			isa = PBXFrameworksBuildPhase;
			buildActionMask = 2147483647;
			files = (
				46E104AD79D6DBA0BA6392E7 /* Pods_SwiftArquiteturas.framework in Frameworks */,
			);
			runOnlyForDeploymentPostprocessing = 0;
		};
		2AF6753F2A25CA9100A8740D /* Frameworks */ = {
			isa = PBXFrameworksBuildPhase;
			buildActionMask = 2147483647;
			files = (
				C8D0DCDE19EE6C21DFABE904 /* Pods_SwiftArquiteturasTests.framework in Frameworks */,
			);
			runOnlyForDeploymentPostprocessing = 0;
		};
/* End PBXFrameworksBuildPhase section */

/* Begin PBXGroup section */
		2A3915102A35903A00605BF0 /* Register */ = {
			isa = PBXGroup;
			children = (
				2A3915112A35904600605BF0 /* RegisterViewController.swift */,
				2A39151D2A35A95900605BF0 /* RegisterView.swift */,
			);
			path = Register;
			sourceTree = "<group>";
		};
		2A3915182A359E5600605BF0 /* ViewModel */ = {
			isa = PBXGroup;
			children = (
				2A3915162A359B1300605BF0 /* UserViewModel.swift */,
			);
			path = ViewModel;
			sourceTree = "<group>";
		};
		2A39151A2A35A4F000605BF0 /* Home */ = {
			isa = PBXGroup;
			children = (
				2A39151B2A35A4FE00605BF0 /* HomeViewController.swift */,
				2A39151F2A35C40700605BF0 /* HomeView.swift */,
			);
			path = Home;
			sourceTree = "<group>";
		};
		2A3B6E302A25CBF500AE7A0A /* Infrastructure */ = {
			isa = PBXGroup;
			children = (
				2A3B6E312A25CC0000AE7A0A /* Constants.swift */,
				2A5FC8D52A2EEB9900C3F96D /* UIColor+.swift */,
				2A855A132A32F33000233403 /* UITextField+.swift */,
			);
			path = Infrastructure;
			sourceTree = "<group>";
		};
		2A3B6E332A25CC1C00AE7A0A /* API */ = {
			isa = PBXGroup;
			children = (
				2A3B6E372A25CC9300AE7A0A /* Model */,
				2A3B6E362A25CC3400AE7A0A /* Provider */,
				2A3B6E352A25CC2E00AE7A0A /* Manager */,
				2A3B6E342A25CC2900AE7A0A /* Business */,
			);
			path = API;
			sourceTree = "<group>";
		};
		2A3B6E342A25CC2900AE7A0A /* Business */ = {
			isa = PBXGroup;
			children = (
				2A3B6E3E2A25CE5400AE7A0A /* UserBusiness.swift */,
			);
			path = Business;
			sourceTree = "<group>";
		};
		2A3B6E352A25CC2E00AE7A0A /* Manager */ = {
			isa = PBXGroup;
			children = (
				2A3B6E3C2A25CE4A00AE7A0A /* UserManager.swift */,
			);
			path = Manager;
			sourceTree = "<group>";
		};
		2A3B6E362A25CC3400AE7A0A /* Provider */ = {
			isa = PBXGroup;
			children = (
				2A3B6E3A2A25CCC300AE7A0A /* UserProvider.swift */,
			);
			path = Provider;
			sourceTree = "<group>";
		};
		2A3B6E372A25CC9300AE7A0A /* Model */ = {
			isa = PBXGroup;
			children = (
				2A3B6E382A25CC9F00AE7A0A /* UserModel.swift */,
			);
			path = Model;
			sourceTree = "<group>";
		};
		2A5FC8CF2A2EE70300C3F96D /* Coordinator */ = {
			isa = PBXGroup;
			children = (
				2A5FC8D02A2EE72400C3F96D /* Coordinator.swift */,
				2A5FC8D22A2EEAB300C3F96D /* LoginCoordinator.swift */,
				2A39150E2A358FCB00605BF0 /* RegisterCoordinator.swift */,
				2A3915132A35984A00605BF0 /* HomeCoordinator.swift */,
			);
			path = Coordinator;
			sourceTree = "<group>";
		};
		2A5FC8D72A2EED5D00C3F96D /* Controllers */ = {
			isa = PBXGroup;
			children = (
				2A39151A2A35A4F000605BF0 /* Home */,
				2A3915102A35903A00605BF0 /* Register */,
				2A5FC8D82A2EED6F00C3F96D /* Login */,
			);
			path = Controllers;
			sourceTree = "<group>";
		};
		2A5FC8D82A2EED6F00C3F96D /* Login */ = {
			isa = PBXGroup;
			children = (
				2A5FC8D92A2EED8100C3F96D /* LoginViewController.swift */,
				2A5FC8E32A2F040E00C3F96D /* LoginView.swift */,
			);
			path = Login;
			sourceTree = "<group>";
		};
		2AF675232A25CA8F00A8740D = {
			isa = PBXGroup;
			children = (
				2AF6752E2A25CA8F00A8740D /* SwiftArquiteturas */,
				2AF675452A25CA9100A8740D /* SwiftArquiteturasTests */,
				2AF6754F2A25CA9100A8740D /* SwiftArquiteturasUITests */,
				2AF6752D2A25CA8F00A8740D /* Products */,
				4B62DA1A2607BFD2B3C668D1 /* Pods */,
				8ED09A2184454751416DAA48 /* Frameworks */,
			);
			sourceTree = "<group>";
		};
		2AF6752D2A25CA8F00A8740D /* Products */ = {
			isa = PBXGroup;
			children = (
				2AF6752C2A25CA8F00A8740D /* SwiftArquiteturas.app */,
				2AF675422A25CA9100A8740D /* SwiftArquiteturasTests.xctest */,
			);
			name = Products;
			sourceTree = "<group>";
		};
		2AF6752E2A25CA8F00A8740D /* SwiftArquiteturas */ = {
			isa = PBXGroup;
			children = (
				2A3915182A359E5600605BF0 /* ViewModel */,
				2A5FC8D72A2EED5D00C3F96D /* Controllers */,
				2AF6755F2A25CA9600A8740D /* Source */,
				2A3B6E332A25CC1C00AE7A0A /* API */,
				2A5FC8CF2A2EE70300C3F96D /* Coordinator */,
				2A3B6E302A25CBF500AE7A0A /* Infrastructure */,
				2AF6753D2A25CA9100A8740D /* Info.plist */,
				2AF675602A25CB1600A8740D /* GoogleService-Info.plist */,
			);
			path = SwiftArquiteturas;
			sourceTree = "<group>";
		};
		2AF675452A25CA9100A8740D /* SwiftArquiteturasTests */ = {
			isa = PBXGroup;
			children = (
				2AF675462A25CA9100A8740D /* SwiftArquiteturasTests.swift */,
			);
			path = SwiftArquiteturasTests;
			sourceTree = "<group>";
		};
		2AF6754F2A25CA9100A8740D /* SwiftArquiteturasUITests */ = {
			isa = PBXGroup;
			children = (
				2AF675502A25CA9100A8740D /* SwiftArquiteturasUITests.swift */,
				2AF675522A25CA9100A8740D /* SwiftArquiteturasUITestsLaunchTests.swift */,
			);
			path = SwiftArquiteturasUITests;
			sourceTree = "<group>";
		};
		2AF6755F2A25CA9600A8740D /* Source */ = {
			isa = PBXGroup;
			children = (
				2AF6752F2A25CA8F00A8740D /* AppDelegate.swift */,
				2AF675312A25CA8F00A8740D /* SceneDelegate.swift */,
				2AF675382A25CA9100A8740D /* Assets.xcassets */,
				2AF6753A2A25CA9100A8740D /* LaunchScreen.storyboard */,
			);
			path = Source;
			sourceTree = "<group>";
		};
		4B62DA1A2607BFD2B3C668D1 /* Pods */ = {
			isa = PBXGroup;
			children = (
				CD757F88C898F9695FAFFD39 /* Pods-SwiftArquiteturas.debug.xcconfig */,
				1329B6F1A68C0986D45EE025 /* Pods-SwiftArquiteturas.release.xcconfig */,
				EA6DB9618A1B3B65F8DA6766 /* Pods-SwiftArquiteturas-SwiftArquiteturasUITests.debug.xcconfig */,
				7F43A86193385EE485CA88F2 /* Pods-SwiftArquiteturas-SwiftArquiteturasUITests.release.xcconfig */,
				7DC9D858CA122CBC3978EDC2 /* Pods-SwiftArquiteturasTests.debug.xcconfig */,
				B8699DB389FEC0EBAE5C6152 /* Pods-SwiftArquiteturasTests.release.xcconfig */,
			);
			path = Pods;
			sourceTree = "<group>";
		};
		8ED09A2184454751416DAA48 /* Frameworks */ = {
			isa = PBXGroup;
			children = (
				C3F18641E941AD00C48EAC99 /* Pods_SwiftArquiteturas.framework */,
				3E7DF515E900BD7ED8D2DA3F /* Pods_SwiftArquiteturas_SwiftArquiteturasUITests.framework */,
				C8A94EC4E0A0CEE391AD84D6 /* Pods_SwiftArquiteturasTests.framework */,
			);
			name = Frameworks;
			sourceTree = "<group>";
		};
/* End PBXGroup section */

/* Begin PBXNativeTarget section */
		2AF6752B2A25CA8F00A8740D /* SwiftArquiteturas */ = {
			isa = PBXNativeTarget;
			buildConfigurationList = 2AF675562A25CA9100A8740D /* Build configuration list for PBXNativeTarget "SwiftArquiteturas" */;
			buildPhases = (
				8491919015DA20B16C2ED447 /* [CP] Check Pods Manifest.lock */,
				2AF675282A25CA8F00A8740D /* Sources */,
				2AF675292A25CA8F00A8740D /* Frameworks */,
				2AF6752A2A25CA8F00A8740D /* Resources */,
				E5589ADDF33E0BD225B593A0 /* [CP] Embed Pods Frameworks */,
			);
			buildRules = (
			);
			dependencies = (
			);
			name = SwiftArquiteturas;
			productName = SwiftArquiteturas;
			productReference = 2AF6752C2A25CA8F00A8740D /* SwiftArquiteturas.app */;
			productType = "com.apple.product-type.application";
		};
		2AF675412A25CA9100A8740D /* SwiftArquiteturasTests */ = {
			isa = PBXNativeTarget;
			buildConfigurationList = 2AF675592A25CA9100A8740D /* Build configuration list for PBXNativeTarget "SwiftArquiteturasTests" */;
			buildPhases = (
				B7DAAE2E859BF3FED0368C52 /* [CP] Check Pods Manifest.lock */,
				2AF6753E2A25CA9100A8740D /* Sources */,
				2AF6753F2A25CA9100A8740D /* Frameworks */,
				2AF675402A25CA9100A8740D /* Resources */,
			);
			buildRules = (
			);
			dependencies = (
				2AF675442A25CA9100A8740D /* PBXTargetDependency */,
			);
			name = SwiftArquiteturasTests;
			productName = SwiftArquiteturasTests;
			productReference = 2AF675422A25CA9100A8740D /* SwiftArquiteturasTests.xctest */;
			productType = "com.apple.product-type.bundle.unit-test";
		};
/* End PBXNativeTarget section */

/* Begin PBXProject section */
		2AF675242A25CA8F00A8740D /* Project object */ = {
			isa = PBXProject;
			attributes = {
				BuildIndependentTargetsInParallel = 1;
				LastSwiftUpdateCheck = 1420;
				LastUpgradeCheck = 1420;
				TargetAttributes = {
					2AF6752B2A25CA8F00A8740D = {
						CreatedOnToolsVersion = 14.2;
					};
					2AF675412A25CA9100A8740D = {
						CreatedOnToolsVersion = 14.2;
						TestTargetID = 2AF6752B2A25CA8F00A8740D;
					};
				};
			};
			buildConfigurationList = 2AF675272A25CA8F00A8740D /* Build configuration list for PBXProject "SwiftArquiteturas" */;
			compatibilityVersion = "Xcode 14.0";
			developmentRegion = en;
			hasScannedForEncodings = 0;
			knownRegions = (
				en,
				Base,
			);
			mainGroup = 2AF675232A25CA8F00A8740D;
			productRefGroup = 2AF6752D2A25CA8F00A8740D /* Products */;
			projectDirPath = "";
			projectRoot = "";
			targets = (
				2AF6752B2A25CA8F00A8740D /* SwiftArquiteturas */,
				2AF675412A25CA9100A8740D /* SwiftArquiteturasTests */,
			);
		};
/* End PBXProject section */

/* Begin PBXResourcesBuildPhase section */
		2AF6752A2A25CA8F00A8740D /* Resources */ = {
			isa = PBXResourcesBuildPhase;
			buildActionMask = 2147483647;
			files = (
				2AF6753C2A25CA9100A8740D /* LaunchScreen.storyboard in Resources */,
				2AF675612A25CB1600A8740D /* GoogleService-Info.plist in Resources */,
				2AF675392A25CA9100A8740D /* Assets.xcassets in Resources */,
			);
			runOnlyForDeploymentPostprocessing = 0;
		};
		2AF675402A25CA9100A8740D /* Resources */ = {
			isa = PBXResourcesBuildPhase;
			buildActionMask = 2147483647;
			files = (
			);
			runOnlyForDeploymentPostprocessing = 0;
		};
/* End PBXResourcesBuildPhase section */

/* Begin PBXShellScriptBuildPhase section */
		8491919015DA20B16C2ED447 /* [CP] Check Pods Manifest.lock */ = {
			isa = PBXShellScriptBuildPhase;
			buildActionMask = 2147483647;
			files = (
			);
			inputFileListPaths = (
			);
			inputPaths = (
				"${PODS_PODFILE_DIR_PATH}/Podfile.lock",
				"${PODS_ROOT}/Manifest.lock",
			);
			name = "[CP] Check Pods Manifest.lock";
			outputFileListPaths = (
			);
			outputPaths = (
				"$(DERIVED_FILE_DIR)/Pods-SwiftArquiteturas-checkManifestLockResult.txt",
			);
			runOnlyForDeploymentPostprocessing = 0;
			shellPath = /bin/sh;
			shellScript = "diff \"${PODS_PODFILE_DIR_PATH}/Podfile.lock\" \"${PODS_ROOT}/Manifest.lock\" > /dev/null\nif [ $? != 0 ] ; then\n    # print error to STDERR\n    echo \"error: The sandbox is not in sync with the Podfile.lock. Run 'pod install' or update your CocoaPods installation.\" >&2\n    exit 1\nfi\n# This output is used by Xcode 'outputs' to avoid re-running this script phase.\necho \"SUCCESS\" > \"${SCRIPT_OUTPUT_FILE_0}\"\n";
			showEnvVarsInLog = 0;
		};
		B7DAAE2E859BF3FED0368C52 /* [CP] Check Pods Manifest.lock */ = {
			isa = PBXShellScriptBuildPhase;
			buildActionMask = 2147483647;
			files = (
			);
			inputFileListPaths = (
			);
			inputPaths = (
				"${PODS_PODFILE_DIR_PATH}/Podfile.lock",
				"${PODS_ROOT}/Manifest.lock",
			);
			name = "[CP] Check Pods Manifest.lock";
			outputFileListPaths = (
			);
			outputPaths = (
				"$(DERIVED_FILE_DIR)/Pods-SwiftArquiteturasTests-checkManifestLockResult.txt",
			);
			runOnlyForDeploymentPostprocessing = 0;
			shellPath = /bin/sh;
			shellScript = "diff \"${PODS_PODFILE_DIR_PATH}/Podfile.lock\" \"${PODS_ROOT}/Manifest.lock\" > /dev/null\nif [ $? != 0 ] ; then\n    # print error to STDERR\n    echo \"error: The sandbox is not in sync with the Podfile.lock. Run 'pod install' or update your CocoaPods installation.\" >&2\n    exit 1\nfi\n# This output is used by Xcode 'outputs' to avoid re-running this script phase.\necho \"SUCCESS\" > \"${SCRIPT_OUTPUT_FILE_0}\"\n";
			showEnvVarsInLog = 0;
		};
		E5589ADDF33E0BD225B593A0 /* [CP] Embed Pods Frameworks */ = {
			isa = PBXShellScriptBuildPhase;
			buildActionMask = 2147483647;
			files = (
			);
			inputFileListPaths = (
				"${PODS_ROOT}/Target Support Files/Pods-SwiftArquiteturas/Pods-SwiftArquiteturas-frameworks-${CONFIGURATION}-input-files.xcfilelist",
			);
			name = "[CP] Embed Pods Frameworks";
			outputFileListPaths = (
				"${PODS_ROOT}/Target Support Files/Pods-SwiftArquiteturas/Pods-SwiftArquiteturas-frameworks-${CONFIGURATION}-output-files.xcfilelist",
			);
			runOnlyForDeploymentPostprocessing = 0;
			shellPath = /bin/sh;
			shellScript = "\"${PODS_ROOT}/Target Support Files/Pods-SwiftArquiteturas/Pods-SwiftArquiteturas-frameworks.sh\"\n";
			showEnvVarsInLog = 0;
		};
/* End PBXShellScriptBuildPhase section */

/* Begin PBXSourcesBuildPhase section */
		2AF675282A25CA8F00A8740D /* Sources */ = {
			isa = PBXSourcesBuildPhase;
			buildActionMask = 2147483647;
			files = (
				2A5FC8DA2A2EED8100C3F96D /* LoginViewController.swift in Sources */,
				2A855A142A32F33000233403 /* UITextField+.swift in Sources */,
				2A3B6E3F2A25CE5400AE7A0A /* UserBusiness.swift in Sources */,
				2A39150F2A358FCB00605BF0 /* RegisterCoordinator.swift in Sources */,
				2A5FC8E42A2F040E00C3F96D /* LoginView.swift in Sources */,
				2A39151C2A35A4FE00605BF0 /* HomeViewController.swift in Sources */,
				2A3B6E3B2A25CCC300AE7A0A /* UserProvider.swift in Sources */,
				2A3915122A35904600605BF0 /* RegisterViewController.swift in Sources */,
				2A39151E2A35A95900605BF0 /* RegisterView.swift in Sources */,
				2A5FC8D32A2EEAB300C3F96D /* LoginCoordinator.swift in Sources */,
				2A3B6E3D2A25CE4A00AE7A0A /* UserManager.swift in Sources */,
				2A5FC8D62A2EEB9900C3F96D /* UIColor+.swift in Sources */,
				2A3915172A359B1300605BF0 /* UserViewModel.swift in Sources */,
				2A3915202A35C40700605BF0 /* HomeView.swift in Sources */,
				2AF675302A25CA8F00A8740D /* AppDelegate.swift in Sources */,
				2AF675322A25CA8F00A8740D /* SceneDelegate.swift in Sources */,
				2A3B6E392A25CC9F00AE7A0A /* UserModel.swift in Sources */,
				2A3915142A35984A00605BF0 /* HomeCoordinator.swift in Sources */,
				2A3B6E322A25CC0000AE7A0A /* Constants.swift in Sources */,
				2A5FC8D12A2EE72400C3F96D /* Coordinator.swift in Sources */,
			);
			runOnlyForDeploymentPostprocessing = 0;
		};
		2AF6753E2A25CA9100A8740D /* Sources */ = {
			isa = PBXSourcesBuildPhase;
			buildActionMask = 2147483647;
			files = (
				2AF675472A25CA9100A8740D /* SwiftArquiteturasTests.swift in Sources */,
			);
			runOnlyForDeploymentPostprocessing = 0;
		};
/* End PBXSourcesBuildPhase section */

/* Begin PBXTargetDependency section */
		2AF675442A25CA9100A8740D /* PBXTargetDependency */ = {
			isa = PBXTargetDependency;
			target = 2AF6752B2A25CA8F00A8740D /* SwiftArquiteturas */;
			targetProxy = 2AF675432A25CA9100A8740D /* PBXContainerItemProxy */;
		};
/* End PBXTargetDependency section */

/* Begin PBXVariantGroup section */
		2AF6753A2A25CA9100A8740D /* LaunchScreen.storyboard */ = {
			isa = PBXVariantGroup;
			children = (
				2AF6753B2A25CA9100A8740D /* Base */,
			);
			name = LaunchScreen.storyboard;
			sourceTree = "<group>";
		};
/* End PBXVariantGroup section */

/* Begin XCBuildConfiguration section */
		2AF675542A25CA9100A8740D /* Debug */ = {
			isa = XCBuildConfiguration;
			buildSettings = {
				ALWAYS_SEARCH_USER_PATHS = NO;
				CLANG_ANALYZER_NONNULL = YES;
				CLANG_ANALYZER_NUMBER_OBJECT_CONVERSION = YES_AGGRESSIVE;
				CLANG_CXX_LANGUAGE_STANDARD = "gnu++20";
				CLANG_ENABLE_MODULES = YES;
				CLANG_ENABLE_OBJC_ARC = YES;
				CLANG_ENABLE_OBJC_WEAK = YES;
				CLANG_WARN_BLOCK_CAPTURE_AUTORELEASING = YES;
				CLANG_WARN_BOOL_CONVERSION = YES;
				CLANG_WARN_COMMA = YES;
				CLANG_WARN_CONSTANT_CONVERSION = YES;
				CLANG_WARN_DEPRECATED_OBJC_IMPLEMENTATIONS = YES;
				CLANG_WARN_DIRECT_OBJC_ISA_USAGE = YES_ERROR;
				CLANG_WARN_DOCUMENTATION_COMMENTS = YES;
				CLANG_WARN_EMPTY_BODY = YES;
				CLANG_WARN_ENUM_CONVERSION = YES;
				CLANG_WARN_INFINITE_RECURSION = YES;
				CLANG_WARN_INT_CONVERSION = YES;
				CLANG_WARN_NON_LITERAL_NULL_CONVERSION = YES;
				CLANG_WARN_OBJC_IMPLICIT_RETAIN_SELF = YES;
				CLANG_WARN_OBJC_LITERAL_CONVERSION = YES;
				CLANG_WARN_OBJC_ROOT_CLASS = YES_ERROR;
				CLANG_WARN_QUOTED_INCLUDE_IN_FRAMEWORK_HEADER = YES;
				CLANG_WARN_RANGE_LOOP_ANALYSIS = YES;
				CLANG_WARN_STRICT_PROTOTYPES = YES;
				CLANG_WARN_SUSPICIOUS_MOVE = YES;
				CLANG_WARN_UNGUARDED_AVAILABILITY = YES_AGGRESSIVE;
				CLANG_WARN_UNREACHABLE_CODE = YES;
				CLANG_WARN__DUPLICATE_METHOD_MATCH = YES;
				COPY_PHASE_STRIP = NO;
				DEBUG_INFORMATION_FORMAT = dwarf;
				ENABLE_STRICT_OBJC_MSGSEND = YES;
				ENABLE_TESTABILITY = YES;
				GCC_C_LANGUAGE_STANDARD = gnu11;
				GCC_DYNAMIC_NO_PIC = NO;
				GCC_NO_COMMON_BLOCKS = YES;
				GCC_OPTIMIZATION_LEVEL = 0;
				GCC_PREPROCESSOR_DEFINITIONS = (
					"DEBUG=1",
					"$(inherited)",
				);
				GCC_WARN_64_TO_32_BIT_CONVERSION = YES;
				GCC_WARN_ABOUT_RETURN_TYPE = YES_ERROR;
				GCC_WARN_UNDECLARED_SELECTOR = YES;
				GCC_WARN_UNINITIALIZED_AUTOS = YES_AGGRESSIVE;
				GCC_WARN_UNUSED_FUNCTION = YES;
				GCC_WARN_UNUSED_VARIABLE = YES;
				IPHONEOS_DEPLOYMENT_TARGET = 16.2;
				MTL_ENABLE_DEBUG_INFO = INCLUDE_SOURCE;
				MTL_FAST_MATH = YES;
				ONLY_ACTIVE_ARCH = YES;
				SDKROOT = iphoneos;
				SWIFT_ACTIVE_COMPILATION_CONDITIONS = DEBUG;
				SWIFT_OPTIMIZATION_LEVEL = "-Onone";
			};
			name = Debug;
		};
		2AF675552A25CA9100A8740D /* Release */ = {
			isa = XCBuildConfiguration;
			buildSettings = {
				ALWAYS_SEARCH_USER_PATHS = NO;
				CLANG_ANALYZER_NONNULL = YES;
				CLANG_ANALYZER_NUMBER_OBJECT_CONVERSION = YES_AGGRESSIVE;
				CLANG_CXX_LANGUAGE_STANDARD = "gnu++20";
				CLANG_ENABLE_MODULES = YES;
				CLANG_ENABLE_OBJC_ARC = YES;
				CLANG_ENABLE_OBJC_WEAK = YES;
				CLANG_WARN_BLOCK_CAPTURE_AUTORELEASING = YES;
				CLANG_WARN_BOOL_CONVERSION = YES;
				CLANG_WARN_COMMA = YES;
				CLANG_WARN_CONSTANT_CONVERSION = YES;
				CLANG_WARN_DEPRECATED_OBJC_IMPLEMENTATIONS = YES;
				CLANG_WARN_DIRECT_OBJC_ISA_USAGE = YES_ERROR;
				CLANG_WARN_DOCUMENTATION_COMMENTS = YES;
				CLANG_WARN_EMPTY_BODY = YES;
				CLANG_WARN_ENUM_CONVERSION = YES;
				CLANG_WARN_INFINITE_RECURSION = YES;
				CLANG_WARN_INT_CONVERSION = YES;
				CLANG_WARN_NON_LITERAL_NULL_CONVERSION = YES;
				CLANG_WARN_OBJC_IMPLICIT_RETAIN_SELF = YES;
				CLANG_WARN_OBJC_LITERAL_CONVERSION = YES;
				CLANG_WARN_OBJC_ROOT_CLASS = YES_ERROR;
				CLANG_WARN_QUOTED_INCLUDE_IN_FRAMEWORK_HEADER = YES;
				CLANG_WARN_RANGE_LOOP_ANALYSIS = YES;
				CLANG_WARN_STRICT_PROTOTYPES = YES;
				CLANG_WARN_SUSPICIOUS_MOVE = YES;
				CLANG_WARN_UNGUARDED_AVAILABILITY = YES_AGGRESSIVE;
				CLANG_WARN_UNREACHABLE_CODE = YES;
				CLANG_WARN__DUPLICATE_METHOD_MATCH = YES;
				COPY_PHASE_STRIP = NO;
				DEBUG_INFORMATION_FORMAT = "dwarf-with-dsym";
				ENABLE_NS_ASSERTIONS = NO;
				ENABLE_STRICT_OBJC_MSGSEND = YES;
				GCC_C_LANGUAGE_STANDARD = gnu11;
				GCC_NO_COMMON_BLOCKS = YES;
				GCC_WARN_64_TO_32_BIT_CONVERSION = YES;
				GCC_WARN_ABOUT_RETURN_TYPE = YES_ERROR;
				GCC_WARN_UNDECLARED_SELECTOR = YES;
				GCC_WARN_UNINITIALIZED_AUTOS = YES_AGGRESSIVE;
				GCC_WARN_UNUSED_FUNCTION = YES;
				GCC_WARN_UNUSED_VARIABLE = YES;
				IPHONEOS_DEPLOYMENT_TARGET = 16.2;
				MTL_ENABLE_DEBUG_INFO = NO;
				MTL_FAST_MATH = YES;
				SDKROOT = iphoneos;
				SWIFT_COMPILATION_MODE = wholemodule;
				SWIFT_OPTIMIZATION_LEVEL = "-O";
				VALIDATE_PRODUCT = YES;
			};
			name = Release;
		};
		2AF675572A25CA9100A8740D /* Debug */ = {
			isa = XCBuildConfiguration;
			baseConfigurationReference = CD757F88C898F9695FAFFD39 /* Pods-SwiftArquiteturas.debug.xcconfig */;
			buildSettings = {
				ASSETCATALOG_COMPILER_APPICON_NAME = AppIcon;
				ASSETCATALOG_COMPILER_GLOBAL_ACCENT_COLOR_NAME = AccentColor;
				CODE_SIGN_STYLE = Automatic;
				CURRENT_PROJECT_VERSION = 1;
				DEVELOPMENT_TEAM = 9FV2U5727B;
				GENERATE_INFOPLIST_FILE = YES;
				INFOPLIST_FILE = SwiftArquiteturas/Info.plist;
				INFOPLIST_KEY_UIApplicationSupportsIndirectInputEvents = YES;
				INFOPLIST_KEY_UILaunchStoryboardName = LaunchScreen;
				INFOPLIST_KEY_UIMainStoryboardFile = "";
				INFOPLIST_KEY_UISupportedInterfaceOrientations_iPad = "UIInterfaceOrientationPortrait UIInterfaceOrientationPortraitUpsideDown UIInterfaceOrientationLandscapeLeft UIInterfaceOrientationLandscapeRight";
				INFOPLIST_KEY_UISupportedInterfaceOrientations_iPhone = "UIInterfaceOrientationPortrait UIInterfaceOrientationLandscapeLeft UIInterfaceOrientationLandscapeRight";
				LD_RUNPATH_SEARCH_PATHS = (
					"$(inherited)",
					"@executable_path/Frameworks",
				);
				MARKETING_VERSION = 1.0;
				PRODUCT_BUNDLE_IDENTIFIER = dev.enricogollner.SwiftArquiteturas;
				PRODUCT_NAME = "$(TARGET_NAME)";
				SWIFT_EMIT_LOC_STRINGS = YES;
				SWIFT_VERSION = 5.0;
				TARGETED_DEVICE_FAMILY = "1,2";
			};
			name = Debug;
		};
		2AF675582A25CA9100A8740D /* Release */ = {
			isa = XCBuildConfiguration;
			baseConfigurationReference = 1329B6F1A68C0986D45EE025 /* Pods-SwiftArquiteturas.release.xcconfig */;
			buildSettings = {
				ASSETCATALOG_COMPILER_APPICON_NAME = AppIcon;
				ASSETCATALOG_COMPILER_GLOBAL_ACCENT_COLOR_NAME = AccentColor;
				CODE_SIGN_STYLE = Automatic;
				CURRENT_PROJECT_VERSION = 1;
				DEVELOPMENT_TEAM = 9FV2U5727B;
				GENERATE_INFOPLIST_FILE = YES;
				INFOPLIST_FILE = SwiftArquiteturas/Info.plist;
				INFOPLIST_KEY_UIApplicationSupportsIndirectInputEvents = YES;
				INFOPLIST_KEY_UILaunchStoryboardName = LaunchScreen;
				INFOPLIST_KEY_UIMainStoryboardFile = "";
				INFOPLIST_KEY_UISupportedInterfaceOrientations_iPad = "UIInterfaceOrientationPortrait UIInterfaceOrientationPortraitUpsideDown UIInterfaceOrientationLandscapeLeft UIInterfaceOrientationLandscapeRight";
				INFOPLIST_KEY_UISupportedInterfaceOrientations_iPhone = "UIInterfaceOrientationPortrait UIInterfaceOrientationLandscapeLeft UIInterfaceOrientationLandscapeRight";
				LD_RUNPATH_SEARCH_PATHS = (
					"$(inherited)",
					"@executable_path/Frameworks",
				);
				MARKETING_VERSION = 1.0;
				PRODUCT_BUNDLE_IDENTIFIER = dev.enricogollner.SwiftArquiteturas;
				PRODUCT_NAME = "$(TARGET_NAME)";
				SWIFT_EMIT_LOC_STRINGS = YES;
				SWIFT_VERSION = 5.0;
				TARGETED_DEVICE_FAMILY = "1,2";
			};
			name = Release;
		};
		2AF6755A2A25CA9100A8740D /* Debug */ = {
			isa = XCBuildConfiguration;
			baseConfigurationReference = 7DC9D858CA122CBC3978EDC2 /* Pods-SwiftArquiteturasTests.debug.xcconfig */;
			buildSettings = {
				ALWAYS_EMBED_SWIFT_STANDARD_LIBRARIES = YES;
				BUNDLE_LOADER = "$(TEST_HOST)";
				CODE_SIGN_STYLE = Automatic;
				CURRENT_PROJECT_VERSION = 1;
				DEVELOPMENT_TEAM = 9FV2U5727B;
				GENERATE_INFOPLIST_FILE = YES;
				IPHONEOS_DEPLOYMENT_TARGET = 16.2;
				MARKETING_VERSION = 1.0;
				PRODUCT_BUNDLE_IDENTIFIER = dev.enricogollner.SwiftArquiteturasTests;
				PRODUCT_NAME = "$(TARGET_NAME)";
				SWIFT_EMIT_LOC_STRINGS = NO;
				SWIFT_VERSION = 5.0;
				TARGETED_DEVICE_FAMILY = "1,2";
				TEST_HOST = "$(BUILT_PRODUCTS_DIR)/SwiftArquiteturas.app/$(BUNDLE_EXECUTABLE_FOLDER_PATH)/SwiftArquiteturas";
			};
			name = Debug;
		};
		2AF6755B2A25CA9100A8740D /* Release */ = {
			isa = XCBuildConfiguration;
			baseConfigurationReference = B8699DB389FEC0EBAE5C6152 /* Pods-SwiftArquiteturasTests.release.xcconfig */;
			buildSettings = {
				ALWAYS_EMBED_SWIFT_STANDARD_LIBRARIES = YES;
				BUNDLE_LOADER = "$(TEST_HOST)";
				CODE_SIGN_STYLE = Automatic;
				CURRENT_PROJECT_VERSION = 1;
				DEVELOPMENT_TEAM = 9FV2U5727B;
				GENERATE_INFOPLIST_FILE = YES;
				IPHONEOS_DEPLOYMENT_TARGET = 16.2;
				MARKETING_VERSION = 1.0;
				PRODUCT_BUNDLE_IDENTIFIER = dev.enricogollner.SwiftArquiteturasTests;
				PRODUCT_NAME = "$(TARGET_NAME)";
				SWIFT_EMIT_LOC_STRINGS = NO;
				SWIFT_VERSION = 5.0;
				TARGETED_DEVICE_FAMILY = "1,2";
				TEST_HOST = "$(BUILT_PRODUCTS_DIR)/SwiftArquiteturas.app/$(BUNDLE_EXECUTABLE_FOLDER_PATH)/SwiftArquiteturas";
			};
			name = Release;
		};
/* End XCBuildConfiguration section */

/* Begin XCConfigurationList section */
		2AF675272A25CA8F00A8740D /* Build configuration list for PBXProject "SwiftArquiteturas" */ = {
			isa = XCConfigurationList;
			buildConfigurations = (
				2AF675542A25CA9100A8740D /* Debug */,
				2AF675552A25CA9100A8740D /* Release */,
			);
			defaultConfigurationIsVisible = 0;
			defaultConfigurationName = Release;
		};
		2AF675562A25CA9100A8740D /* Build configuration list for PBXNativeTarget "SwiftArquiteturas" */ = {
			isa = XCConfigurationList;
			buildConfigurations = (
				2AF675572A25CA9100A8740D /* Debug */,
				2AF675582A25CA9100A8740D /* Release */,
			);
			defaultConfigurationIsVisible = 0;
			defaultConfigurationName = Release;
		};
		2AF675592A25CA9100A8740D /* Build configuration list for PBXNativeTarget "SwiftArquiteturasTests" */ = {
			isa = XCConfigurationList;
			buildConfigurations = (
				2AF6755A2A25CA9100A8740D /* Debug */,
				2AF6755B2A25CA9100A8740D /* Release */,
			);
			defaultConfigurationIsVisible = 0;
			defaultConfigurationName = Release;
		};
/* End XCConfigurationList section */
	};
	rootObject = 2AF675242A25CA8F00A8740D /* Project object */;
}
